PackratFormat: 1.4
PackratVersion: 0.5.0
RVersion: 4.0.3
Repos: CRAN=https://cran.rstudio.com/

Package: BH
Source: CRAN
Version: 1.75.0-0
Hash: 8426697ec75df1ac7b9bc664741f383a

Package: BiocGenerics
Source: Bioconductor
Version: 0.36.0
Hash: 2fad70316a2d8381767dbd66f5a9aa51

Package: BiocManager
Source: CRAN
Version: 1.30.10
Hash: 43ec086b20519eb9b4156f70577f9f44

Package: BiocVersion
Source: Bioconductor
Version: 3.12.0
Hash: d562a0cddd97693f060a77fb6ccff669

Package: ChAMPdata
Source: Bioconductor
Version: 2.22.0
Hash: 3606ff822d1f30bed8a1866749180c74
Requires: BiocGenerics, GenomicRanges

Package: DT
Source: CRAN
Version: 0.17
Hash: 1087d0106ce6f1093428ca3882748d38
Requires: crosstalk, htmltools, htmlwidgets, jsonlite, magrittr,
    promises

Package: GenomeInfoDb
Source: Bioconductor
Version: 1.26.2
Hash: 802d11986c856cea10366abefeee35cd
Requires: BiocGenerics, GenomeInfoDbData, IRanges, RCurl, S4Vectors

Package: GenomeInfoDbData
Source: Bioconductor
Version: 1.2.4
Hash: 2b16ad17faa7453c347074b96ffeeb36

Package: GenomicRanges
Source: Bioconductor
Version: 1.42.0
Hash: 5f7d492a1f7217842d0e29cdcccddde2
Requires: BiocGenerics, GenomeInfoDb, IRanges, S4Vectors, XVector

Package: IRanges
Source: Bioconductor
Version: 2.24.1
Hash: 67ca801cb3b6bed7a693275b02153ba3
Requires: BiocGenerics, S4Vectors

Package: R6
Source: CRAN
Version: 2.5.0
Hash: 25ebbd2664a276c915984da5c820c404

Package: RColorBrewer
Source: CRAN
Version: 1.1-2
Hash: c0d56cd15034f395874c870141870c25

Package: RCurl
Source: CRAN
Version: 1.98-1.2
Hash: a0f856720001c4d75974c65e0aa437be
Requires: bitops

Package: Rcpp
Source: CRAN
Version: 1.0.6
Hash: d891b607ea796cf30abfe4795380423f

Package: S4Vectors
Source: Bioconductor
Version: 0.28.1
Hash: f4f7e79c85e9cc77cf7bb1ae7cf39ba8
Requires: BiocGenerics

Package: XVector
Source: Bioconductor
Version: 0.30.0
Hash: ad291f04e1d167cbac9729a5770ef50c
Requires: BiocGenerics, IRanges, S4Vectors, zlibbioc

Package: askpass
Source: CRAN
Version: 1.1
Hash: 6f6c430e3cd0dd7d48f447700f4d7e7f
Requires: sys

Package: assertthat
Source: CRAN
Version: 0.2.1
Hash: 622be49032fe50bd42e96aaef613e209

Package: base64enc
Source: CRAN
Version: 0.1-3
Hash: c590d29e555926af053055e23ee79efb

Package: bitops
Source: CRAN
Version: 1.0-6
Hash: 67d0775189fd0041d95abca618c5c07e

Package: brew
Source: CRAN
Version: 1.0-6
Hash: 931f9972deae0f205e1c78a51f33149b

Package: brio
Source: CRAN
Version: 1.1.1
Hash: 14f5792a274142d1d69d32d454377844

Package: cachem
Source: CRAN
Version: 1.0.3
Hash: 6303e18acc71f86add8b49bc60bada47
Requires: fastmap, rlang

Package: callr
Source: CRAN
Version: 3.5.1
Hash: f9c95688940b93248943b187e998d743
Requires: R6, processx

Package: checkr
Source: CRAN
Version: 0.5.0
Hash: cc9b81e59895681ed1a88874d02a09f8
Requires: err

Package: cli
Source: CRAN
Version: 2.3.0
Hash: c521101f6c0ab40d145da04ddc991693
Requires: assertthat, glue

Package: clipr
Source: CRAN
Version: 0.7.1
Hash: 50bca21c0c36d24984b051077cb15cf3

Package: colorspace
Source: CRAN
Version: 2.0-0
Hash: 70357b46371ef626b2fc3968df10b94a

Package: commonmark
Source: CRAN
Version: 1.7
Hash: 77f4ba718e2bad1877ef26e48cf8fa43

Package: covr
Source: CRAN
Version: 3.5.1
Hash: 9fb31c09c7fdf51fef20371e3ffbf247
Requires: crayon, digest, httr, jsonlite, rex, withr, yaml

Package: crayon
Source: CRAN
Version: 1.4.0
Hash: aaf09b45082b0c328051473d60bb2ecb

Package: credentials
Source: CRAN
Version: 1.3.0
Hash: cb004dd454d30b4d3e3758e88144667f
Requires: askpass, curl, jsonlite, openssl, sys

Package: crosstalk
Source: CRAN
Version: 1.1.1
Hash: 40844571ab8c7b3009cde6e49a1ace16
Requires: R6, htmltools, jsonlite, lazyeval

Package: curl
Source: CRAN
Version: 4.3
Hash: 3916ae5637dbaf5996dbde80ea92a047

Package: desc
Source: CRAN
Version: 1.2.0
Hash: a0a3ca939997679a52816bae4ed6aaae
Requires: R6, assertthat, crayon, rprojroot

Package: devtools
Source: CRAN
Version: 2.3.2
Hash: f67347d7cd70a1037b25eea3237edf8f
Requires: DT, callr, cli, covr, desc, ellipsis, httr, jsonlite,
    memoise, pkgbuild, pkgload, rcmdcheck, remotes, rlang, roxygen2,
    rstudioapi, rversions, sessioninfo, testthat, usethis, withr

Package: diffobj
Source: CRAN
Version: 0.3.3
Hash: ddcc5427ba555b313c0943b465a6619b
Requires: crayon

Package: digest
Source: CRAN
Version: 0.6.27
Hash: 8ba156629c1537635b39332c93d8ed33

Package: doParallel
Source: CRAN
Version: 1.0.16
Hash: 0bfafffe940c8fc4bc4f785018b17dde
Requires: foreach, iterators

Package: dplyr
Source: CRAN
Version: 1.0.4
Hash: 2a5e55aa6d9febdf92ffbccf47afc442
Requires: R6, ellipsis, generics, glue, lifecycle, magrittr, rlang,
    tibble, tidyselect, vctrs

Package: ellipsis
Source: CRAN
Version: 0.3.1
Hash: b294fcc92985c6235df03c1c34f25e99
Requires: rlang

Package: err
Source: CRAN
Version: 0.2.0
Hash: 4f0142dc17ccd12f9acfa659a61ce960

Package: evaluate
Source: CRAN
Version: 0.14
Hash: 18306cc3bc1aec7b7360eea8a0eb0ee1

Package: fansi
Source: CRAN
Version: 0.4.2
Hash: 46ab61226bcca6890ad4864250f62a0e

Package: farver
Source: CRAN
Version: 2.0.3
Hash: 29a358c21cb8de2e424cbec6b6be6553

Package: fastmap
Source: CRAN
Version: 1.1.0
Hash: e4d212b14d40b91c791c0b9d3b6ffd99

Package: foreach
Source: CRAN
Version: 1.5.1
Hash: 6dda99e5cba20abf021b0e6cfb3472df
Requires: iterators

Package: fs
Source: CRAN
Version: 1.5.0
Hash: 918ea5c88cad73d5d5b529ca98f8ad11

Package: gdata
Source: CRAN
Version: 2.18.0
Hash: f4fdf56bd81ae3e1d42379678b472a34
Requires: gtools

Package: generics
Source: CRAN
Version: 0.1.0
Hash: c265031f21f6435ffaa9633eb64c3095

Package: gert
Source: CRAN
Version: 1.1.0
Hash: bc0366d65c67bbc5b9082f5cf60ee43f
Requires: askpass, credentials, openssl, rstudioapi, sys, zip

Package: ggplot2
Source: CRAN
Version: 3.3.3
Hash: fcae8a1c452b7bf7e5b11d1d438c825e
Requires: digest, glue, gtable, isoband, rlang, scales, tibble, withr

Package: gh
Source: CRAN
Version: 1.2.0
Hash: b2ad3442015516993af094d8a4c0e7ef
Requires: cli, gitcreds, httr, ini, jsonlite

Package: gitcreds
Source: CRAN
Version: 0.1.1
Hash: 98010d78f363a29de674a252087aa340

Package: glue
Source: CRAN
Version: 1.4.2
Hash: afa798ba9deec3676e20300b79094749

Package: gtable
Source: CRAN
Version: 0.3.0
Hash: a9e7b0666eb933a0cb36779240b4462e

Package: gtools
Source: CRAN
Version: 3.8.2
Hash: c157b036aad8f9889c810af94f9c7c6a

Package: highr
Source: CRAN
Version: 0.8
Hash: 16aa2cc98d7b68c9d148c263c8dcdbcd

Package: htmltools
Source: CRAN
Version: 0.5.1.1
Hash: 297e3b95a781d9a6fb7259e0f6824020
Requires: base64enc, digest, rlang

Package: htmlwidgets
Source: CRAN
Version: 1.5.3
Hash: 6405f8f000f8a52e0dc2f034b3693fe5
Requires: htmltools, jsonlite, yaml

Package: httr
Source: CRAN
Version: 1.4.2
Hash: 2ad813eba37ce1f357434789aa8b6132
Requires: R6, curl, jsonlite, mime, openssl

Package: ini
Source: CRAN
Version: 0.3.1
Hash: 9d6de5178c1cedabfb24e7d2acc9a092

Package: isoband
Source: CRAN
Version: 0.2.3
Hash: 628f6fc39d850370e2b480d84b24b9cb
Requires: testthat

Package: iterators
Source: CRAN
Version: 1.0.13
Hash: 750adbdf6750e2dbcf2066c443d64892

Package: jsonlite
Source: CRAN
Version: 1.7.2
Hash: a5965fb563ba3643e75c425a82f935e6

Package: knitr
Source: CRAN
Version: 1.30
Hash: 1a622820d7dd1ec61bb95ecf40fb166e
Requires: evaluate, highr, markdown, stringr, xfun, yaml

Package: labeling
Source: CRAN
Version: 0.4.2
Hash: 7474c78957f4e01d1dd4c04217eab244

Package: later
Source: CRAN
Version: 1.1.0.1
Hash: 9297fba870b633894f5f8f76f6fc2234
Requires: BH, Rcpp, rlang

Package: lazyeval
Source: CRAN
Version: 0.2.2
Hash: 563563691bea3cde6945a98996d7c166

Package: lifecycle
Source: CRAN
Version: 0.2.0
Hash: df8649860c43571aab68cc73a2a02807
Requires: glue, rlang

Package: magrittr
Source: CRAN
Version: 2.0.1
Hash: d3c166b0573ae8c918edf7221dfe7380

Package: markdown
Source: CRAN
Version: 1.1
Hash: 1b6a18fd395589425e338a47b999099f
Requires: mime, xfun

Package: memoise
Source: CRAN
Version: 2.0.0
Hash: e0563c696c0d1962d554868fe46716d2
Requires: cachem, rlang

Package: mime
Source: CRAN
Version: 0.9
Hash: f3388735b4ddea072aff3be44f7f4968

Package: munsell
Source: CRAN
Version: 0.5.0
Hash: 38d0efee9bb99bef143bde41c4ce715c
Requires: colorspace

Package: openssl
Source: CRAN
Version: 1.4.3
Hash: cff3745af78f3fabe3175678c34b6510
Requires: askpass

Package: openxlsx
Source: CRAN
Version: 4.2.3
Hash: 93147efbc636cba5a917d76374eab1a2
Requires: Rcpp, stringi, zip

Package: packrat
Source: CRAN
Version: 0.5.0
Hash: 498643e765d1442ba7b1160a1df3abf9

Package: pillar
Source: CRAN
Version: 1.4.7
Hash: 351820c51ab35510b740150c0dac9073
Requires: cli, crayon, ellipsis, fansi, lifecycle, rlang, utf8, vctrs

Package: pkgbuild
Source: CRAN
Version: 1.2.0
Hash: 5b2b394083875853add40c2d264523f7
Requires: R6, callr, cli, crayon, desc, prettyunits, rprojroot, withr

Package: pkgconfig
Source: CRAN
Version: 2.0.3
Hash: 5ff5f2361851a49534c96caa2a8071c7

Package: pkgload
Source: CRAN
Version: 1.1.0
Hash: a65ac8a100a65cff8e5e4a122d2a51af
Requires: cli, crayon, desc, pkgbuild, rlang, rprojroot, rstudioapi,
    withr

Package: plyr
Source: CRAN
Version: 1.8.6
Hash: d4a3096ec14fbdbf50caeaf27f4e4711
Requires: Rcpp

Package: praise
Source: CRAN
Version: 1.0.0
Hash: 77da8f1df873a4b91e5c4a68fe2fb1b6

Package: prettyunits
Source: CRAN
Version: 1.1.1
Hash: 20669cd8bb8b3207f6371edf8cf510af

Package: processx
Source: CRAN
Version: 3.4.5
Hash: f136ca3e48b88288669ee4f6c2fe199a
Requires: R6, ps

Package: promises
Source: CRAN
Version: 1.1.1
Hash: 0801d7217569a2588bb5a75331cdac66
Requires: R6, Rcpp, later, magrittr, rlang

Package: ps
Source: CRAN
Version: 1.5.0
Hash: 946ffa5494f6eec938430a80771832b7

Package: purrr
Source: CRAN
Version: 0.3.4
Hash: fb4c0edca61826ca0b5b33c828a7b276
Requires: magrittr, rlang

Package: rappdirs
Source: CRAN
Version: 0.3.3
Hash: fd602edfd7dbf365642e35dd9cc97958

Package: rcmdcheck
Source: CRAN
Version: 1.3.3
Hash: df2319559a8ed16e5b4d5f99de3e00a0
Requires: R6, callr, cli, crayon, desc, digest, pkgbuild, prettyunits,
    rprojroot, sessioninfo, withr, xopen

Package: rematch2
Source: CRAN
Version: 2.1.2
Hash: b6823f74d6525d39d153620d21e206df
Requires: tibble

Package: remotes
Source: CRAN
Version: 2.2.0
Hash: 7f3378b51f10acd43af6814111572889

Package: reshape2
Source: CRAN
Version: 1.4.4
Hash: 6a620d1e53840ce96aa465a656f8e931
Requires: Rcpp, plyr, stringr

Package: rex
Source: CRAN
Version: 1.2.0
Hash: fbe6181b1986267f68cf4d1a83e63fa6
Requires: lazyeval

Package: rlang
Source: CRAN
Version: 0.4.10
Hash: eb6b577ea2302f9617b010ae4f64a912

Package: roxygen2
Source: CRAN
Version: 7.1.1
Hash: 3a6ec68bb6b63be73fa887e7a2993d73
Requires: R6, Rcpp, brew, commonmark, desc, digest, knitr, pkgload,
    purrr, rlang, stringi, stringr, xml2

Package: rprojroot
Source: CRAN
Version: 2.0.2
Hash: bdb6a7f2b3c25b8c710615cefdde1af0

Package: rstudioapi
Source: CRAN
Version: 0.13
Hash: dab1619920bed1f1660a3d48e4f7cc7f

Package: rversions
Source: CRAN
Version: 2.0.2
Hash: bf17f00403009644b7e80d2e42f6944b
Requires: curl, xml2

Package: scales
Source: CRAN
Version: 1.1.1
Hash: b67ae9f62ecb8912751eb664055d8f8a
Requires: R6, RColorBrewer, farver, labeling, lifecycle, munsell,
    viridisLite

Package: sessioninfo
Source: CRAN
Version: 1.1.1
Hash: 9e50c8458e611f166ba702277cbb5096
Requires: cli, withr

Package: stringi
Source: CRAN
Version: 1.5.3
Hash: 30919ce6e9ad5bb8e9fcb1ed59ebcd6e

Package: stringr
Source: CRAN
Version: 1.4.0
Hash: 67da32dbb2a7a16f2ef124336358e54a
Requires: glue, magrittr, stringi

Package: sys
Source: CRAN
Version: 3.4
Hash: 7fb0c9e1209a804b329a7df3cd422008

Package: testthat
Source: CRAN
Version: 3.0.1
Hash: 9df91ad687ccaf7c0993e92467c633c0
Requires: R6, brio, callr, cli, crayon, desc, digest, ellipsis,
    evaluate, jsonlite, lifecycle, magrittr, pkgload, praise, processx,
    ps, rlang, waldo, withr

Package: tibble
Source: CRAN
Version: 3.0.6
Hash: 4cc2fc9e9a51efe73edab64618c10413
Requires: cli, crayon, ellipsis, fansi, lifecycle, magrittr, pillar,
    pkgconfig, rlang, vctrs

Package: tidyselect
Source: CRAN
Version: 1.1.0
Hash: 1c7cea9ea925b701a93f378ec7233ee1
Requires: ellipsis, glue, purrr, rlang, vctrs

Package: usethis
Source: CRAN
Version: 2.0.0
Hash: 8467ef5dd918ea5a58ad2e2d5a8a6414
Requires: cli, clipr, crayon, curl, desc, fs, gert, gh, glue, jsonlite,
    lifecycle, purrr, rappdirs, rlang, rprojroot, rstudioapi, whisker,
    withr, yaml

Package: utf8
Source: CRAN
Version: 1.1.4
Hash: f3f97ce59092abc8ed3fd098a59e236c

Package: vctrs
Source: CRAN
Version: 0.3.6
Hash: 7640fab855dba3322264f50574e6bdcd
Requires: digest, ellipsis, glue, rlang

Package: viridisLite
Source: CRAN
Version: 0.3.0
Hash: 78bb072c4f9e729a283d4c40ec93f9c6

Package: waldo
Source: CRAN
Version: 0.2.3
Hash: 044afc6470f64f8b3ba2547685799aca
Requires: cli, diffobj, fansi, glue, rematch2, rlang, tibble

Package: whisker
Source: CRAN
Version: 0.4
Hash: 5b1ec05cd96c1e0c6048bab49abee3aa

Package: withr
Source: CRAN
Version: 2.4.1
Hash: 490523cef72232b12a66f0e307e4ee7e

Package: xfun
Source: CRAN
Version: 0.20
Hash: c74cb5a8632bbdc407a6f4a7dadd8278

Package: xml2
Source: CRAN
Version: 1.3.2
Hash: edbf29fd0ba88bfabf6b6a4c4db0982b

Package: xopen
Source: CRAN
Version: 1.0.0
Hash: 22c2708f177f9fd9f8a52012bac61d6a
Requires: processx

Package: yaml
Source: CRAN
Version: 2.2.1
Hash: 424bc11cc358f23187feaa7978628196

Package: zip
Source: CRAN
Version: 2.1.1
Hash: 127ef4d13fcabd6851527e5570b7aa5c

Package: zlibbioc
Source: Bioconductor
Version: 1.36.0
Hash: 21d31ac88591ad646886fabddfd5a8f6

Package: zoo
Source: CRAN
Version: 1.8-8
Hash: cc9534113f4513acb2f838ef8e2cd467
